
Microsoft Visual Studio Solution File, Format Version 12.00
# Visual Studio Version 17
VisualStudioVersion = 17.3.32825.248
MinimumVisualStudioVersion = 10.0.40219.1
Project("{FAE04EC0-301F-11D3-BF4B-00C04F79EFBC}") = "Docs", "Docs\Docs.csproj", "{33FCB113-5A95-47D6-AC54-1B479E789684}"
EndProject
Global
	GlobalSection(SolutionConfigurationPlatforms) = preSolution
		Debug|Any CPU = Debug|Any CPU
		Release|Any CPU = Release|Any CPU
	EndGlobalSection
	GlobalSection(ProjectConfigurationPlatforms) = postSolution
		{33FCB113-5A95-47D6-AC54-1B479E789684}.Debug|Any CPU.ActiveCfg = Debug|Any CPU
		{33FCB113-5A95-47D6-AC54-1B479E789684}.Debug|Any CPU.Build.0 = Debug|Any CPU
		{33FCB113-5A95-47D6-AC54-1B479E789684}.Release|Any CPU.ActiveCfg = Release|Any CPU
		{33FCB113-5A95-47D6-AC54-1B479E789684}.Release|Any CPU.Build.0 = Release|Any CPU
	EndGlobalSection
	GlobalSection(SolutionProperties) = preSolution
		HideSolutionNode = FALSE
	EndGlobalSection
	GlobalSection(ExtensibilityGlobals) = postSolution
		SolutionGuid = {A6191CB3-B7ED-4BEB-912E-AB2A6BEBCC51}
	EndGlobalSection
EndGlobal
